
Microsoft Visual Studio Solution File, Format Version 12.00
# Visual Studio Version 16
VisualStudioVersion = 16.0.30621.155
MinimumVisualStudioVersion = 10.0.40219.1
Project("{FAE04EC0-301F-11D3-BF4B-00C04F79EFBC}") = "Client.Android", "Client\Client.Android\Client.Android.csproj", "{E5B764CA-E2B0-4F92-AA41-4A0DC4BFD745}"
EndProject
Project("{FAE04EC0-301F-11D3-BF4B-00C04F79EFBC}") = "Client.iOS", "Client\Client.iOS\Client.iOS.csproj", "{3D29DDA5-BA01-4255-ABAD-F483E5A396A6}"
EndProject
Project("{FAE04EC0-301F-11D3-BF4B-00C04F79EFBC}") = "Client", "Client\Client\Client.csproj", "{77313DB5-8ADD-4BDD-A934-CDBAAC888EF9}"
EndProject
Global
	GlobalSection(SolutionConfigurationPlatforms) = preSolution
		Debug|Any CPU = Debug|Any CPU
		Debug|iPhone = Debug|iPhone
		Debug|iPhoneSimulator = Debug|iPhoneSimulator
		Release|Any CPU = Release|Any CPU
		Release|iPhone = Release|iPhone
		Release|iPhoneSimulator = Release|iPhoneSimulator
	EndGlobalSection
	GlobalSection(ProjectConfigurationPlatforms) = postSolution
		{E5B764CA-E2B0-4F92-AA41-4A0DC4BFD745}.Debug|Any CPU.ActiveCfg = Debug|Any CPU
		{E5B764CA-E2B0-4F92-AA41-4A0DC4BFD745}.Debug|Any CPU.Build.0 = Debug|Any CPU
		{E5B764CA-E2B0-4F92-AA41-4A0DC4BFD745}.Debug|Any CPU.Deploy.0 = Debug|Any CPU
		{E5B764CA-E2B0-4F92-AA41-4A0DC4BFD745}.Debug|iPhone.ActiveCfg = Debug|Any CPU
		{E5B764CA-E2B0-4F92-AA41-4A0DC4BFD745}.Debug|iPhone.Build.0 = Debug|Any CPU
		{E5B764CA-E2B0-4F92-AA41-4A0DC4BFD745}.Debug|iPhone.Deploy.0 = Debug|Any CPU
		{E5B764CA-E2B0-4F92-AA41-4A0DC4BFD745}.Debug|iPhoneSimulator.ActiveCfg = Debug|Any CPU
		{E5B764CA-E2B0-4F92-AA41-4A0DC4BFD745}.Debug|iPhoneSimulator.Build.0 = Debug|Any CPU
		{E5B764CA-E2B0-4F92-AA41-4A0DC4BFD745}.Debug|iPhoneSimulator.Deploy.0 = Debug|Any CPU
		{E5B764CA-E2B0-4F92-AA41-4A0DC4BFD745}.Release|Any CPU.ActiveCfg = Release|Any CPU
		{E5B764CA-E2B0-4F92-AA41-4A0DC4BFD745}.Release|Any CPU.Build.0 = Release|Any CPU
		{E5B764CA-E2B0-4F92-AA41-4A0DC4BFD745}.Release|Any CPU.Deploy.0 = Release|Any CPU
		{E5B764CA-E2B0-4F92-AA41-4A0DC4BFD745}.Release|iPhone.ActiveCfg = Release|Any CPU
		{E5B764CA-E2B0-4F92-AA41-4A0DC4BFD745}.Release|iPhone.Build.0 = Release|Any CPU
		{E5B764CA-E2B0-4F92-AA41-4A0DC4BFD745}.Release|iPhone.Deploy.0 = Release|Any CPU
		{E5B764CA-E2B0-4F92-AA41-4A0DC4BFD745}.Release|iPhoneSimulator.ActiveCfg = Release|Any CPU
		{E5B764CA-E2B0-4F92-AA41-4A0DC4BFD745}.Release|iPhoneSimulator.Build.0 = Release|Any CPU
		{E5B764CA-E2B0-4F92-AA41-4A0DC4BFD745}.Release|iPhoneSimulator.Deploy.0 = Release|Any CPU
		{3D29DDA5-BA01-4255-ABAD-F483E5A396A6}.Debug|Any CPU.ActiveCfg = Debug|iPhone
		{3D29DDA5-BA01-4255-ABAD-F483E5A396A6}.Debug|Any CPU.Build.0 = Debug|iPhone
		{3D29DDA5-BA01-4255-ABAD-F483E5A396A6}.Debug|Any CPU.Deploy.0 = Debug|iPhone
		{3D29DDA5-BA01-4255-ABAD-F483E5A396A6}.Debug|iPhone.ActiveCfg = Debug|iPhone
		{3D29DDA5-BA01-4255-ABAD-F483E5A396A6}.Debug|iPhone.Build.0 = Debug|iPhone
		{3D29DDA5-BA01-4255-ABAD-F483E5A396A6}.Debug|iPhone.Deploy.0 = Debug|iPhone
		{3D29DDA5-BA01-4255-ABAD-F483E5A396A6}.Debug|iPhoneSimulator.ActiveCfg = Debug|iPhoneSimulator
		{3D29DDA5-BA01-4255-ABAD-F483E5A396A6}.Debug|iPhoneSimulator.Build.0 = Debug|iPhoneSimulator
		{3D29DDA5-BA01-4255-ABAD-F483E5A396A6}.Debug|iPhoneSimulator.Deploy.0 = Debug|iPhoneSimulator
		{3D29DDA5-BA01-4255-ABAD-F483E5A396A6}.Release|Any CPU.ActiveCfg = Release|iPhoneSimulator
		{3D29DDA5-BA01-4255-ABAD-F483E5A396A6}.Release|Any CPU.Build.0 = Release|iPhoneSimulator
		{3D29DDA5-BA01-4255-ABAD-F483E5A396A6}.Release|Any CPU.Deploy.0 = Release|iPhoneSimulator
		{3D29DDA5-BA01-4255-ABAD-F483E5A396A6}.Release|iPhone.ActiveCfg = Release|iPhone
		{3D29DDA5-BA01-4255-ABAD-F483E5A396A6}.Release|iPhone.Build.0 = Release|iPhone
		{3D29DDA5-BA01-4255-ABAD-F483E5A396A6}.Release|iPhone.Deploy.0 = Release|iPhone
		{3D29DDA5-BA01-4255-ABAD-F483E5A396A6}.Release|iPhoneSimulator.ActiveCfg = Release|iPhoneSimulator
		{3D29DDA5-BA01-4255-ABAD-F483E5A396A6}.Release|iPhoneSimulator.Build.0 = Release|iPhoneSimulator
		{3D29DDA5-BA01-4255-ABAD-F483E5A396A6}.Release|iPhoneSimulator.Deploy.0 = Release|iPhoneSimulator
		{77313DB5-8ADD-4BDD-A934-CDBAAC888EF9}.Debug|Any CPU.ActiveCfg = Debug|Any CPU
		{77313DB5-8ADD-4BDD-A934-CDBAAC888EF9}.Debug|Any CPU.Build.0 = Debug|Any CPU
		{77313DB5-8ADD-4BDD-A934-CDBAAC888EF9}.Debug|Any CPU.Deploy.0 = Debug|Any CPU
		{77313DB5-8ADD-4BDD-A934-CDBAAC888EF9}.Debug|iPhone.ActiveCfg = Debug|Any CPU
		{77313DB5-8ADD-4BDD-A934-CDBAAC888EF9}.Debug|iPhone.Build.0 = Debug|Any CPU
		{77313DB5-8ADD-4BDD-A934-CDBAAC888EF9}.Debug|iPhone.Deploy.0 = Debug|Any CPU
		{77313DB5-8ADD-4BDD-A934-CDBAAC888EF9}.Debug|iPhoneSimulator.ActiveCfg = Debug|Any CPU
		{77313DB5-8ADD-4BDD-A934-CDBAAC888EF9}.Debug|iPhoneSimulator.Build.0 = Debug|Any CPU
		{77313DB5-8ADD-4BDD-A934-CDBAAC888EF9}.Debug|iPhoneSimulator.Deploy.0 = Debug|Any CPU
		{77313DB5-8ADD-4BDD-A934-CDBAAC888EF9}.Release|Any CPU.ActiveCfg = Release|Any CPU
		{77313DB5-8ADD-4BDD-A934-CDBAAC888EF9}.Release|Any CPU.Build.0 = Release|Any CPU
		{77313DB5-8ADD-4BDD-A934-CDBAAC888EF9}.Release|Any CPU.Deploy.0 = Release|Any CPU
		{77313DB5-8ADD-4BDD-A934-CDBAAC888EF9}.Release|iPhone.ActiveCfg = Release|Any CPU
		{77313DB5-8ADD-4BDD-A934-CDBAAC888EF9}.Release|iPhone.Build.0 = Release|Any CPU
		{77313DB5-8ADD-4BDD-A934-CDBAAC888EF9}.Release|iPhone.Deploy.0 = Release|Any CPU
		{77313DB5-8ADD-4BDD-A934-CDBAAC888EF9}.Release|iPhoneSimulator.ActiveCfg = Release|Any CPU
		{77313DB5-8ADD-4BDD-A934-CDBAAC888EF9}.Release|iPhoneSimulator.Build.0 = Release|Any CPU
		{77313DB5-8ADD-4BDD-A934-CDBAAC888EF9}.Release|iPhoneSimulator.Deploy.0 = Release|Any CPU
	EndGlobalSection
	GlobalSection(SolutionProperties) = preSolution
		HideSolutionNode = FALSE
	EndGlobalSection
	GlobalSection(ExtensibilityGlobals) = postSolution
		SolutionGuid = {7A7030B5-8CD9-44B5-987A-F1CBC96B4A32}
	EndGlobalSection
EndGlobal
